{
  "name": "mylibraries",
  "version": "1.0.0",
  "lockfileVersion": 1,
  "requires": true,
  "dependencies": {
    "gsap": {
      "version": "1.20.3",
      "resolved": "https://registry.npmjs.org/gsap/-/gsap-1.20.3.tgz",
      "integrity": "sha512-WICK7628LOKYIzcDzN0fGH44uF9TGzUhZkltlnsOivwnb65ApgFXN0hnsEXHQerl+TVGhv7h9glyTW5LWlEypQ==",
      "dev": true
    },
    "http-https": {
      "version": "1.0.0",
      "resolved": "https://registry.npmjs.org/http-https/-/http-https-1.0.0.tgz",
      "integrity": "sha1-L5CN1fHbQGjAWM1ubUzjkskTOJs=",
      "dev": true
    },
    "oboe": {
      "version": "2.1.4",
      "resolved": "https://registry.npmjs.org/oboe/-/oboe-2.1.4.tgz",
      "integrity": "sha1-IMiM2wwVNxuwQRklfU/dNLCqSfY=",
      "dev": true,
      "requires": {
        "http-https": "1.0.0"
      }
    },
    "underscore": {
      "version": "1.8.3",
      "resolved": "https://registry.npmjs.org/underscore/-/underscore-1.8.3.tgz",
      "integrity": "sha1-Tz+1OxBuYJf8+ctBCfKl6b36UCI=",
      "dev": true
    }
  }
}
